<?xml version="1.0" encoding="utf-8"?>
<Project ToolsVersion="4.0" xmlns="http://schemas.microsoft.com/developer/msbuild/2003">
  <ItemGroup>
    <Filter Include="Source Files">
      <UniqueIdentifier>{4FC737F1-C7A5-4376-A066-2A32D752A2FF}</UniqueIdentifier>
      <Extensions>qml;cpp;c;cc;cxx;def;odl;idl;hpj;bat;asm;asmx</Extensions>
    </Filter>
    <Filter Include="Header Files">
      <UniqueIdentifier>{93995380-89BD-4b04-88EB-625FBE52EBFB}</UniqueIdentifier>
      <Extensions>h;hh;hpp;hxx;hm;inl;inc;xsd</Extensions>
    </Filter>
    <Filter Include="Resource Files">
      <UniqueIdentifier>{67DA6AB6-F800-4c08-8B7A-83BB121AAD01}</UniqueIdentifier>
      <Extensions>qrc;rc;ico;cur;bmp;dlg;rc2;rct;bin;rgs;gif;jpg;jpeg;jpe;resx;tiff;tif;png;wav;mfcribbon-ms</Extensions>
    </Filter>
    <Filter Include="Form Files">
      <UniqueIdentifier>{99349809-55BA-4b9d-BF79-8FDBB0286EB3}</UniqueIdentifier>
      <Extensions>ui</Extensions>
    </Filter>
    <Filter Include="Translation Files">
      <UniqueIdentifier>{639EADAA-A684-42e4-A9AD-28FC9BCB8F7C}</UniqueIdentifier>
      <Extensions>ts</Extensions>
    </Filter>
    <Filter Include="interface">
      <UniqueIdentifier>{1a67e49d-f581-4df7-b923-b54505b5a258}</UniqueIdentifier>
    </Filter>
    <Filter Include="View">
      <UniqueIdentifier>{983c0cb1-b186-4a7b-a885-f9f1f9a1640f}</UniqueIdentifier>
    </Filter>
  </ItemGroup>
  <ItemGroup>
    <QtMoc Include="CorePlugin.h">
      <Filter>Header Files</Filter>
    </QtMoc>
    <ClCompile Include="CorePlugin.cpp">
      <Filter>Source Files</Filter>
    </ClCompile>
    <QtMoc Include="RenderWidget.h">
      <Filter>Source Files</Filter>
    </QtMoc>
    <QtMoc Include="StudioView.h">
      <Filter>Source Files</Filter>
    </QtMoc>
    <QtMoc Include="PropertyWidget.h">
      <Filter>View</Filter>
    </QtMoc>
  </ItemGroup>
  <ItemGroup>
    <ClCompile Include="PluginManager.cpp">
      <Filter>Source Files</Filter>
    </ClCompile>
    <ClCompile Include="LoginWidget.cpp">
      <Filter>Source Files</Filter>
    </ClCompile>
    <ClCompile Include="UserInfoWidget.cpp">
      <Filter>Source Files</Filter>
    </ClCompile>
    <ClCompile Include="StudioView.cpp">
      <Filter>Source Files</Filter>
    </ClCompile>
    <ClCompile Include="CoreObject.cpp">
      <Filter>Source Files</Filter>
    </ClCompile>
    <ClCompile Include="RenderWidget.cpp">
      <Filter>Source Files</Filter>
    </ClCompile>
    <ClCompile Include="PropertyWidget.cpp">
      <Filter>View</Filter>
    </ClCompile>
  </ItemGroup>
  <ItemGroup>
    <ClInclude Include="PluginManager.h">
      <Filter>Source Files</Filter>
    </ClInclude>
    <ClInclude Include="coreplugin_global.h">
      <Filter>Header Files</Filter>
    </ClInclude>
    <ClInclude Include="IPlugin.h">
      <Filter>interface</Filter>
    </ClInclude>
  </ItemGroup>
  <ItemGroup>
    <QtUic Include="Login.ui">
      <Filter>Form Files</Filter>
    </QtUic>
    <QtUic Include="UserInfoWidget.ui">
      <Filter>Form Files</Filter>
    </QtUic>
  </ItemGroup>
  <ItemGroup>
    <QtMoc Include="LoginWidget.h">
      <Filter>Source Files</Filter>
    </QtMoc>
    <QtMoc Include="UserInfoWidget.h">
      <Filter>Source Files</Filter>
    </QtMoc>
    <QtMoc Include="CoreObject.h">
      <Filter>Source Files</Filter>
    </QtMoc>
  </ItemGroup>
  <ItemGroup>
    <QtRcc Include="Resource.qrc">
      <Filter>Resource Files</Filter>
    </QtRcc>
  </ItemGroup>
</Project>